# THIS IS AN AUTOGENERATED FILE. DO NOT EDIT THIS FILE DIRECTLY.
assets/arrow-down.svg.liquid:
  development: 2017-11-26T14:41:29+02:00   8ef09e0a76c55257323a2545c5fd0446
assets/buddha-megamenu.css:
  development: 2018-03-21T10:01:22+02:00   20b67d44f2dd6993ce628bb48c327e6d
assets/buddha-megamenu.js.liquid:
  development: 2018-03-21T09:57:09+02:00   b8518270e07f0f7992c9cce9ba45e0c7
assets/currency-flags-small.png:
  development: 2017-12-13T20:03:39+02:00   b3426b0214692d64910c1f2a329b6e0d
assets/currency-flags.png:
  development: 2017-12-13T20:03:34+02:00   59d3e93fa0a48bdc2eecb0d6bed1e7b9
assets/doubly.js:
  development: 2018-02-01T06:02:04+02:00   7477750c4a3b7d344e701279bf500e86
assets/favicon.png:
  development: 2017-11-26T14:41:29+02:00   4717ecfa96eff6962cf4a9f77b9f318d
assets/ginit.js:
  development: 2017-12-13T20:03:29+02:00   e5d66bf2695e62d32acbe019920bc4a7
assets/ico-select.svg.liquid:
  development: 2017-11-26T14:41:29+02:00   9c9cc5a57cc74a0a64c2f62b1370a920
assets/icons.eot:
  development: 2017-11-26T14:41:29+02:00   d9298880d3b2144286817611ee553323
assets/icons.json:
  development: 2017-11-26T14:41:29+02:00   2ffd5ff4f7b48ae78467f1e06aec1aca
assets/icons.svg:
  development: 2017-11-26T14:41:29+02:00   fcf3a5e8489050441b1870332027ccb3
assets/icons.ttf:
  development: 2017-11-26T14:41:29+02:00   29bf8cc4e0442a16f51eb8b33acfd65f
assets/icons.woff:
  development: 2017-11-26T14:41:30+02:00   6731db28f8e97157a6dc482facb4b516
assets/jquery-2.2.3.min.js:
  development: 2017-11-26T14:41:30+02:00   33cabfa15c1060aaa3d207c653afb1ee
assets/lazysizes.min.js:
  development: 2017-11-26T14:41:30+02:00   8fc061cfd013f332ea7efccaa11268a0
assets/logo.png:
  development: 2017-11-26T14:41:30+02:00   a09f6aa00a3d3910de0f6bdf9b5b4caf
assets/mm-init.js:
  development: 2017-12-13T19:41:09+02:00   489c00e1c529a36360a509a3a30c4f14
assets/password-page-background.jpg:
  development: 2017-11-26T14:41:30+02:00   4d5821272f875e5c11dd3a8c8e1d6133
assets/respond-proxy.html:
  development: 2017-11-26T14:41:30+02:00   f750e28e1c34dfc5cd717a047df88877
assets/theme.js.liquid:
  development: 2017-11-26T14:41:30+02:00   35b76697eb9f09991b4aef379347edba
assets/theme.scss.liquid:
  development: 2017-12-01T14:17:20+02:00   35ec4afdfb4ea68c286f0f387b8f1f68
assets/vendor.js:
  development: 2017-11-26T14:41:31+02:00   fe384013de33ec40c24b5a3a824c183f
config/settings_data.json:
  development: 2018-03-22T21:29:35+02:00   d23f227384d9c89cf23c2d4672567fe7
config/settings_schema.json:
  development: 2017-12-01T14:17:21+02:00   bf211e45938bfe6b712dabb929720f97
layout/gift_card.liquid:
  development: 2017-11-26T14:41:31+02:00   570af823e5bafd77daa53decdd64f71f
layout/password.liquid:
  development: 2017-11-26T14:41:31+02:00   0395ed8b049c806a0abe64618dabe730
layout/theme.liquid:
  development: 2017-12-12T22:37:52+02:00   2a272d6e7bc7cac14b554cc795753e2a
locales/de.json:
  development: 2017-11-26T14:41:31+02:00   2902abc964af671d63d738b37c90e554
locales/en.default.json:
  development: 2017-12-14T08:23:42+02:00   6cc8d73fb7d5d8382c96a7a8393f921d
locales/es.json:
  development: 2017-11-26T14:41:31+02:00   398c6fe7007e6e84ce92c6483cdd5bdb
locales/fr.json:
  development: 2017-11-26T14:41:31+02:00   dadb22734801d490eb73697f95b38e9c
locales/it.json:
  development: 2017-11-26T14:41:31+02:00   72c27a6b8ed1eb67dde3a19911d7d6b4
locales/ja.json:
  development: 2017-11-26T14:41:31+02:00   6c79f2c3f3802f2a580ef186187c1ebf
locales/pt-BR.json:
  development: 2017-11-26T14:41:31+02:00   9feea14d9388db883e7d454e5ba6ee33
locales/pt-PT.json:
  development: 2017-11-26T14:41:31+02:00   007cc39294ffface7ce88082619d27df
sections/advanced-content.liquid:
  development: 2017-11-26T14:41:27+02:00   49a68b78cf729aa0a5c0946f931591b0
sections/article-template.liquid:
  development: 2017-11-26T14:41:27+02:00   802c53ced50bfc0b644daa19a5dd7da8
sections/collection-list-template.liquid:
  development: 2017-11-26T14:41:27+02:00   4a9eb76f73bebfce4816e279c7e78e33
sections/collection-list.liquid:
  development: 2017-11-26T14:41:27+02:00   93d9428e14fcc4e64940b4bc910ca237
sections/collection-rows.liquid:
  development: 2017-11-26T14:41:28+02:00   02bb226a96a9ebd2269b696fdca685da
sections/collection-template.liquid:
  development: 2018-02-22T12:50:35+02:00   99631713d620337a16e7039cca5aa042
sections/featured-blog.liquid:
  development: 2017-11-26T14:41:28+02:00   9596cc0ca7146fd774cd8884fe6628cf
sections/featured-content.liquid:
  development: 2017-11-26T14:41:28+02:00   399e09fd921fdd1a59ac8d0e7b36d717
sections/featured-product.liquid:
  development: 2017-11-26T14:41:28+02:00   619b0721279822067db7e29e772777cd
sections/footer.liquid:
  development: 2017-11-26T14:41:28+02:00   b9fe5b935a302fed4514f5de9c86e5d4
sections/header.liquid:
  development: 2017-11-26T14:41:28+02:00   a461a3e72b1144336e92203dfbaff75b
sections/image-with-text.liquid:
  development: 2017-11-26T14:41:28+02:00   c471152e3fb8f9110e270c8973e82634
sections/list-collections-template.liquid:
  development: 2017-11-26T14:41:28+02:00   aa82f8ffc69821f40dd3cf221fff29a3
sections/map.liquid:
  development: 2017-11-26T14:41:28+02:00   a5ce0cff41cacb30c7d20a925397bb30
sections/newsletter.liquid:
  development: 2017-11-26T14:41:28+02:00   e85ab0759e14cd1c268ee0ad36ad6380
sections/password-content.liquid:
  development: 2017-11-26T14:41:28+02:00   d8935b7f46993204cfb69a7279fb7514
sections/password-header.liquid:
  development: 2017-11-26T14:41:28+02:00   b088de186d393df7e212cb41e19b07ea
sections/product-template.liquid:
  development: 2017-12-14T08:31:50+02:00   9ff96473b7403d0daf99a8d96b8bdb6b
sections/search-template.liquid:
  development: 2017-11-26T14:41:28+02:00   b568bd14813355938b7fe3c941b76707
sections/slideshow.liquid:
  development: 2017-12-12T12:29:41+02:00   f297b4fba8d628cdb423fb1503ddd392
sections/video.liquid:
  development: 2017-11-26T14:41:28+02:00   75b431c3e9e256027cf7fa30058d0554
snippets/address.liquid:
  development: 2017-11-26T14:41:31+02:00   1088779134ed119911cf34417509d9cc
snippets/advanced-tag-loop.liquid:
  development: 2017-11-26T14:41:31+02:00   2ff7c90ebcb11d58cbf72b41e39a2732
snippets/ajax-cart-template.liquid:
  development: 2017-11-26T14:41:31+02:00   caa686b2bc807db857d1e512af70c086
snippets/bgset.liquid:
  development: 2017-11-26T14:41:31+02:00   85889bbc39b57621f32fad66317366fc
snippets/blog-sidebar.liquid:
  development: 2017-11-26T14:41:31+02:00   7239c9eff2b50455c921a76d40bcdd21
snippets/breadcrumb.liquid:
  development: 2017-11-26T14:41:31+02:00   0c86e362f4aff497072d2b633e68f4f7
snippets/buddha-megamenu-before.liquid:
  development: 2017-12-12T08:50:51+02:00
snippets/buddha-megamenu-wireframe.liquid:
  development: 2018-03-21T09:57:05+02:00   3ac600a66983099313f5161df30bcb82
snippets/buddha-megamenu.liquid:
  development: 2017-12-12T08:50:57+02:00   20be29ccc7c35b1e5ef24ae59d9bc410
snippets/collection-grid-item.liquid:
  development: 2017-11-26T14:41:31+02:00   9a3fe20f1ef37cf9f6d703a92097c8ec
snippets/collection-list-item.liquid:
  development: 2017-11-26T14:41:31+02:00   8d745a36d035703f797a505800204f2d
snippets/collection-sidebar.liquid:
  development: 2017-11-26T14:41:31+02:00   5cf422f449c1adc515e0e4ef4a50678c
snippets/collection-sorting.liquid:
  development: 2017-11-26T14:41:31+02:00   e8303194aea8b81fa1bf7b6a50fa9703
snippets/collection-views.liquid:
  development: 2017-11-26T14:41:31+02:00   ae20d9e98aec0d442c77eb7f8f5135cf
snippets/comment.liquid:
  development: 2017-11-26T14:41:31+02:00   f05ec37200b573bd7af44200c40e441c
snippets/date.liquid:
  development: 2017-11-26T14:41:31+02:00   cb7efb8fb1489dee9a3e0b6f051648e7
snippets/featured-blog.liquid:
  development: 2017-11-26T14:41:31+02:00   d7dff318b65c044ae9cd7d46fc06992e
snippets/featured-collection.liquid:
  development: 2017-11-26T14:41:31+02:00   f330599f291c5e4d902bf85109c59e1c
snippets/form-errors-custom.liquid:
  development: 2017-11-26T14:41:32+02:00   45e358383a6e0c2c3a6cfabef66d6914
snippets/google-fonts.liquid:
  development: 2017-11-26T14:41:32+02:00   27251a1473b2ad0c092c4e38a49dacb5
snippets/image-style.liquid:
  development: 2017-11-26T14:41:32+02:00   4b703fef7be9b6bfbaba0ba82d1291dd
snippets/newsletter-form.liquid:
  development: 2017-11-26T14:41:32+02:00   20c9c6ea9a891f96ce91443dd94aff85
snippets/oldIE-js.liquid:
  development: 2017-11-26T14:41:32+02:00   11909dd36f930c1e2043367d7e264788
snippets/onboarding-featured-blog.liquid:
  development: 2017-11-26T14:41:32+02:00   1d10fa92a6c98ce394e0de2a7200aa83
snippets/pagination-custom.liquid:
  development: 2017-11-26T14:41:32+02:00   4d1ca5c57944903250592098b01c0ddb
snippets/pagination.liquid:
  development: 2017-11-26T14:41:32+02:00   56f34e05b9c0983fde2f10dc9915d732
snippets/price-sale.liquid:
  development: 2017-11-26T14:41:32+02:00   f8dd69ee9e6a6b1391e83e292f1ec877
snippets/price.liquid:
  development: 2017-11-26T14:41:32+02:00   133a0f2835113c620f29deb918bc7d37
snippets/product-grid-item.liquid:
  development: 2017-11-26T14:41:32+02:00   d9a1a914fb4b815b1d882933ae64a2b6
snippets/product-list-item.liquid:
  development: 2017-11-26T14:41:32+02:00   fe04ea6809ca64376d7efd5a780e0716
snippets/related-products.liquid:
  development: 2017-11-26T14:41:32+02:00   082c2042f7f495fcee93d1cfdae6a270
snippets/respond.liquid:
  development: 2017-11-26T14:41:32+02:00   296108cb94e6cb82d515ebb93308ef68
snippets/search-bar.liquid:
  development: 2017-11-26T14:41:32+02:00   f943122e05065a07d45a9f55253fbfe9
snippets/search-result-grid.liquid:
  development: 2017-11-26T14:41:32+02:00   cd79d37c389f8a438a52dc1f8cbc4af1
snippets/search-result.liquid:
  development: 2017-11-26T14:41:32+02:00   7414351dee74533d501dc9e8baf46107
snippets/seo-title.liquid:
  development: 2017-11-26T14:41:32+02:00   36b22a17de7e344526d2511f7659375e
snippets/site-nav.liquid:
  development: 2017-11-26T14:41:32+02:00   27c65475b7249d916fecf43452963297
snippets/social-meta-tags.liquid:
  development: 2017-11-26T14:41:32+02:00   ae9e213401623b2601abf0ace8e21537
snippets/social-sharing.liquid:
  development: 2017-11-26T14:41:32+02:00   cfb6cc78cfa033dc864384728e1df4dc
snippets/svg-definitions.liquid:
  development: 2017-11-26T14:41:32+02:00   fe4fbc64d534e355fd8653de4ebac79a
snippets/tags-article.liquid:
  development: 2017-11-26T14:41:32+02:00   120135d63ee0fb78c22e0cc43b388cd8
snippets/toggle-filters.liquid:
  development: 2017-11-26T14:41:32+02:00   c37af0c27a3ca79684543cd280dc4fea
templates/404.liquid:
  development: 2017-11-26T14:41:32+02:00   2931cfb31594cb6c60dd6055defdb260
templates/article.liquid:
  development: 2017-11-26T14:41:32+02:00   5daa05ec94a09e61c83de1fdda71d460
templates/blog.liquid:
  development: 2017-11-26T14:41:32+02:00   f7cf195f7f36df9856267c2090dd5303
templates/cart.liquid:
  development: 2017-11-26T14:41:32+02:00   5c9cb308c356221de8726a3c90d29cf6
templates/collection.liquid:
  development: 2017-11-26T14:41:33+02:00   f1cfa9fa0a88084d19c50ea943759817
templates/collection.list.liquid:
  development: 2017-11-26T14:41:33+02:00   689b03f7cacaa2dc8cc8495f3df395af
templates/customers/account.liquid:
  development: 2017-11-26T14:41:33+02:00   5dd44d737533908bf7c1ad5292cad329
templates/customers/activate_account.liquid:
  development: 2017-11-26T14:41:33+02:00   1d298b29ccdc2e75ce3b91b12ecbe063
templates/customers/addresses.liquid:
  development: 2017-11-26T14:41:33+02:00   e2ba7e0d014808dfa70856b71af4859d
templates/customers/login.liquid:
  development: 2017-11-26T14:41:33+02:00   12a2b008cf986c65bffec613f4bc488a
templates/customers/order.liquid:
  development: 2017-11-26T14:41:33+02:00   14ac1034b3e1ffc7dd13b662dfc820a9
templates/customers/register.liquid:
  development: 2017-11-26T14:41:33+02:00   0a3224e8ebb8c32452a9337841052f1d
templates/customers/reset_password.liquid:
  development: 2017-11-26T14:41:33+02:00   13689494286b2143deaf8e10f60e0e94
templates/gift_card.liquid:
  development: 2017-11-26T14:41:33+02:00   e9c13e6e972f5ee1154bf77535dfa7dd
templates/index.liquid:
  development: 2017-11-26T14:41:33+02:00   56b51b6f96394db4b17c64b43e1c0010
templates/list-collections.liquid:
  development: 2017-11-26T14:41:33+02:00   d42f6d6957169811896f646709d353d9
templates/page.contact.liquid:
  development: 2017-11-26T14:41:33+02:00   f62bcf84b6cb34133297dadcab355924
templates/page.liquid:
  development: 2017-11-26T14:41:33+02:00   9e264d02df278c51d9d1a0083da16189
templates/page.list-collections.liquid:
  development: 2017-11-26T14:41:33+02:00   15ad2844120e2757eb4ce5fc4c60b2db
templates/page.styles.liquid:
  development: 2017-11-26T14:41:33+02:00   362b960fdc5ca435e4a1c6eb1ff7ac40
templates/password.liquid:
  development: 2017-11-26T14:41:33+02:00   8087a75aa9fcdc259b26f17ab7d2d322
templates/product.liquid:
  development: 2017-11-26T14:41:33+02:00   8dc0a5ff5551ec620d64c92ba21689d8
templates/search.liquid:
  development: 2017-11-26T14:41:33+02:00   d8bfdd344b4a35a7ba9c6efc1c870203
